
Microsoft Visual Studio Solution File, Format Version 12.00
# Visual Studio 15
VisualStudioVersion = 15.0.28307.168
MinimumVisualStudioVersion = 10.0.40219.1
Project("{FAE04EC0-301F-11D3-BF4B-00C04F79EFBC}") = "Inheritance1", "Inheritance1\Inheritance1.csproj", "{045DF643-2C2B-48BA-B18D-FC50F6B6CA6D}"
EndProject
Global
	GlobalSection(SolutionConfigurationPlatforms) = preSolution
		Debug|Any CPU = Debug|Any CPU
		Release|Any CPU = Release|Any CPU
	EndGlobalSection
	GlobalSection(ProjectConfigurationPlatforms) = postSolution
		{045DF643-2C2B-48BA-B18D-FC50F6B6CA6D}.Debug|Any CPU.ActiveCfg = Debug|Any CPU
		{045DF643-2C2B-48BA-B18D-FC50F6B6CA6D}.Debug|Any CPU.Build.0 = Debug|Any CPU
		{045DF643-2C2B-48BA-B18D-FC50F6B6CA6D}.Release|Any CPU.ActiveCfg = Release|Any CPU
		{045DF643-2C2B-48BA-B18D-FC50F6B6CA6D}.Release|Any CPU.Build.0 = Release|Any CPU
	EndGlobalSection
	GlobalSection(SolutionProperties) = preSolution
		HideSolutionNode = FALSE
	EndGlobalSection
	GlobalSection(ExtensibilityGlobals) = postSolution
		SolutionGuid = {89CACE66-95A3-4CA8-AEED-1BD51D429C71}
	EndGlobalSection
EndGlobal
